
Microsoft Visual Studio Solution File, Format Version 12.00
# Visual Studio Version 17
VisualStudioVersion = 17.11.35219.272
MinimumVisualStudioVersion = 10.0.40219.1
Project("{9A19103F-16F7-4668-BE54-9A1E7A4F7556}") = "Day07", "Day07.csproj", "{74FCB5D5-6803-40C0-B047-52AA67C129F5}"
EndProject
Global
	GlobalSection(SolutionConfigurationPlatforms) = preSolution
		Debug|Any CPU = Debug|Any CPU
		Release|Any CPU = Release|Any CPU
	EndGlobalSection
	GlobalSection(ProjectConfigurationPlatforms) = postSolution
		{74FCB5D5-6803-40C0-B047-52AA67C129F5}.Debug|Any CPU.ActiveCfg = Debug|Any CPU
		{74FCB5D5-6803-40C0-B047-52AA67C129F5}.Debug|Any CPU.Build.0 = Debug|Any CPU
		{74FCB5D5-6803-40C0-B047-52AA67C129F5}.Release|Any CPU.ActiveCfg = Release|Any CPU
		{74FCB5D5-6803-40C0-B047-52AA67C129F5}.Release|Any CPU.Build.0 = Release|Any CPU
	EndGlobalSection
	GlobalSection(SolutionProperties) = preSolution
		HideSolutionNode = FALSE
	EndGlobalSection
	GlobalSection(ExtensibilityGlobals) = postSolution
		SolutionGuid = {334B7AEE-E483-4951-831C-B4097AFB9E82}
	EndGlobalSection
EndGlobal
