
Microsoft Visual Studio Solution File, Format Version 12.00
# Visual Studio Version 17
VisualStudioVersion = 17.11.35219.272
MinimumVisualStudioVersion = 10.0.40219.1
Project("{FAE04EC0-301F-11D3-BF4B-00C04F79EFBC}") = "Day04", "Day04.csproj", "{7C549C8C-A591-41E8-AE42-3EA6C63CEF98}"
EndProject
Global
	GlobalSection(SolutionConfigurationPlatforms) = preSolution
		Debug|Any CPU = Debug|Any CPU
		Release|Any CPU = Release|Any CPU
	EndGlobalSection
	GlobalSection(ProjectConfigurationPlatforms) = postSolution
		{7C549C8C-A591-41E8-AE42-3EA6C63CEF98}.Debug|Any CPU.ActiveCfg = Debug|Any CPU
		{7C549C8C-A591-41E8-AE42-3EA6C63CEF98}.Debug|Any CPU.Build.0 = Debug|Any CPU
		{7C549C8C-A591-41E8-AE42-3EA6C63CEF98}.Release|Any CPU.ActiveCfg = Release|Any CPU
		{7C549C8C-A591-41E8-AE42-3EA6C63CEF98}.Release|Any CPU.Build.0 = Release|Any CPU
	EndGlobalSection
	GlobalSection(SolutionProperties) = preSolution
		HideSolutionNode = FALSE
	EndGlobalSection
	GlobalSection(ExtensibilityGlobals) = postSolution
		SolutionGuid = {45F281D8-D65F-426D-9E4E-70F9E9B06187}
	EndGlobalSection
EndGlobal
