
Microsoft Visual Studio Solution File, Format Version 12.00
# Visual Studio Version 17
VisualStudioVersion = 17.11.35219.272
MinimumVisualStudioVersion = 10.0.40219.1
Project("{9A19103F-16F7-4668-BE54-9A1E7A4F7556}") = "Day5Part01", "Day5Part01.csproj", "{1F2CDE37-BABC-4DD7-BD61-412EEBF9C68E}"
EndProject
Project("{FAE04EC0-301F-11D3-BF4B-00C04F79EFBC}") = "Day5Part02", "..\Day5Part02\Day5Part02.csproj", "{10D92F04-2783-40A1-8834-FFE53CC1654C}"
EndProject
Global
	GlobalSection(SolutionConfigurationPlatforms) = preSolution
		Debug|Any CPU = Debug|Any CPU
		Release|Any CPU = Release|Any CPU
	EndGlobalSection
	GlobalSection(ProjectConfigurationPlatforms) = postSolution
		{1F2CDE37-BABC-4DD7-BD61-412EEBF9C68E}.Debug|Any CPU.ActiveCfg = Debug|Any CPU
		{1F2CDE37-BABC-4DD7-BD61-412EEBF9C68E}.Debug|Any CPU.Build.0 = Debug|Any CPU
		{1F2CDE37-BABC-4DD7-BD61-412EEBF9C68E}.Release|Any CPU.ActiveCfg = Release|Any CPU
		{1F2CDE37-BABC-4DD7-BD61-412EEBF9C68E}.Release|Any CPU.Build.0 = Release|Any CPU
		{10D92F04-2783-40A1-8834-FFE53CC1654C}.Debug|Any CPU.ActiveCfg = Debug|Any CPU
		{10D92F04-2783-40A1-8834-FFE53CC1654C}.Debug|Any CPU.Build.0 = Debug|Any CPU
		{10D92F04-2783-40A1-8834-FFE53CC1654C}.Release|Any CPU.ActiveCfg = Release|Any CPU
		{10D92F04-2783-40A1-8834-FFE53CC1654C}.Release|Any CPU.Build.0 = Release|Any CPU
	EndGlobalSection
	GlobalSection(SolutionProperties) = preSolution
		HideSolutionNode = FALSE
	EndGlobalSection
	GlobalSection(ExtensibilityGlobals) = postSolution
		SolutionGuid = {753FBD6E-4C93-45E7-9105-7CBF54E50B0A}
	EndGlobalSection
EndGlobal
